// !$*UTF8*$!
{
	archiveVersion = 1;
	classes = {
	};
	objectVersion = 48;
	objects = {

/* Begin PBXBuildFile section */
		0D5F4D551FA6B45D0040B783 /* popUpVcViewController.swift in Sources */ = {isa = PBXBuildFile; fileRef = 0D5F4D541FA6B45D0040B783 /* popUpVcViewController.swift */; };
		0D7C628B1FA5840500D675D1 /* roundedButton.swift in Sources */ = {isa = PBXBuildFile; fileRef = 0D7C628A1FA5840500D675D1 /* roundedButton.swift */; };
		0D8BAB031FA2447100CA21BF /* AppDelegate.swift in Sources */ = {isa = PBXBuildFile; fileRef = 0D8BAB021FA2447100CA21BF /* AppDelegate.swift */; };
		0D8BAB051FA2447100CA21BF /* WelcomeVC.swift in Sources */ = {isa = PBXBuildFile; fileRef = 0D8BAB041FA2447100CA21BF /* WelcomeVC.swift */; };
		0D8BAB081FA2447100CA21BF /* Main.storyboard in Resources */ = {isa = PBXBuildFile; fileRef = 0D8BAB061FA2447100CA21BF /* Main.storyboard */; };
		0D8BAB0A1FA2447100CA21BF /* Assets.xcassets in Resources */ = {isa = PBXBuildFile; fileRef = 0D8BAB091FA2447100CA21BF /* Assets.xcassets */; };
		0D8BAB0D1FA2447100CA21BF /* LaunchScreen.storyboard in Resources */ = {isa = PBXBuildFile; fileRef = 0D8BAB0B1FA2447100CA21BF /* LaunchScreen.storyboard */; };
		0D8BAB191FA29BDF00CA21BF /* MateriasVC.swift in Sources */ = {isa = PBXBuildFile; fileRef = 0D8BAB181FA29BDF00CA21BF /* MateriasVC.swift */; };
		0D8BAB1B1FA29C4900CA21BF /* GameVC.swift in Sources */ = {isa = PBXBuildFile; fileRef = 0D8BAB1A1FA29C4900CA21BF /* GameVC.swift */; };
		0D8BAB1D1FA29D3C00CA21BF /* Materia.swift in Sources */ = {isa = PBXBuildFile; fileRef = 0D8BAB1C1FA29D3C00CA21BF /* Materia.swift */; };
		0D8BAB1F1FA2B26800CA21BF /* Question.swift in Sources */ = {isa = PBXBuildFile; fileRef = 0D8BAB1E1FA2B26800CA21BF /* Question.swift */; };
		0D8BAB211FA2BD7100CA21BF /* QuestionBank.swift in Sources */ = {isa = PBXBuildFile; fileRef = 0D8BAB201FA2BD7100CA21BF /* QuestionBank.swift */; };
		0DE23E251FB3E6F800486239 /* historia.html in Resources */ = {isa = PBXBuildFile; fileRef = 0DE23E241FB3E6F800486239 /* historia.html */; };
		0DE23E271FB3E89000486239 /* webController.swift in Sources */ = {isa = PBXBuildFile; fileRef = 0DE23E261FB3E89000486239 /* webController.swift */; };
/* End PBXBuildFile section */

/* Begin PBXFileReference section */
		0D5F4D541FA6B45D0040B783 /* popUpVcViewController.swift */ = {isa = PBXFileReference; lastKnownFileType = sourcecode.swift; path = popUpVcViewController.swift; sourceTree = "<group>"; };
		0D7C628A1FA5840500D675D1 /* roundedButton.swift */ = {isa = PBXFileReference; lastKnownFileType = sourcecode.swift; path = roundedButton.swift; sourceTree = "<group>"; };
		0D8BAAFF1FA2447100CA21BF /* AhorcadoGame.app */ = {isa = PBXFileReference; explicitFileType = wrapper.application; includeInIndex = 0; path = AhorcadoGame.app; sourceTree = BUILT_PRODUCTS_DIR; };
		0D8BAB021FA2447100CA21BF /* AppDelegate.swift */ = {isa = PBXFileReference; lastKnownFileType = sourcecode.swift; path = AppDelegate.swift; sourceTree = "<group>"; };
		0D8BAB041FA2447100CA21BF /* WelcomeVC.swift */ = {isa = PBXFileReference; lastKnownFileType = sourcecode.swift; path = WelcomeVC.swift; sourceTree = "<group>"; };
		0D8BAB071FA2447100CA21BF /* Base */ = {isa = PBXFileReference; lastKnownFileType = file.storyboard; name = Base; path = Base.lproj/Main.storyboard; sourceTree = "<group>"; };
		0D8BAB091FA2447100CA21BF /* Assets.xcassets */ = {isa = PBXFileReference; lastKnownFileType = folder.assetcatalog; path = Assets.xcassets; sourceTree = "<group>"; };
		0D8BAB0C1FA2447100CA21BF /* Base */ = {isa = PBXFileReference; lastKnownFileType = file.storyboard; name = Base; path = Base.lproj/LaunchScreen.storyboard; sourceTree = "<group>"; };
		0D8BAB0E1FA2447100CA21BF /* Info.plist */ = {isa = PBXFileReference; lastKnownFileType = text.plist.xml; path = Info.plist; sourceTree = "<group>"; };
		0D8BAB181FA29BDF00CA21BF /* MateriasVC.swift */ = {isa = PBXFileReference; lastKnownFileType = sourcecode.swift; path = MateriasVC.swift; sourceTree = "<group>"; };
		0D8BAB1A1FA29C4900CA21BF /* GameVC.swift */ = {isa = PBXFileReference; lastKnownFileType = sourcecode.swift; path = GameVC.swift; sourceTree = "<group>"; };
		0D8BAB1C1FA29D3C00CA21BF /* Materia.swift */ = {isa = PBXFileReference; lastKnownFileType = sourcecode.swift; path = Materia.swift; sourceTree = "<group>"; };
		0D8BAB1E1FA2B26800CA21BF /* Question.swift */ = {isa = PBXFileReference; lastKnownFileType = sourcecode.swift; path = Question.swift; sourceTree = "<group>"; };
		0D8BAB201FA2BD7100CA21BF /* QuestionBank.swift */ = {isa = PBXFileReference; lastKnownFileType = sourcecode.swift; path = QuestionBank.swift; sourceTree = "<group>"; };
		0DE23E241FB3E6F800486239 /* historia.html */ = {isa = PBXFileReference; lastKnownFileType = text.html; path = historia.html; sourceTree = "<group>"; };
		0DE23E261FB3E89000486239 /* webController.swift */ = {isa = PBXFileReference; lastKnownFileType = sourcecode.swift; path = webController.swift; sourceTree = "<group>"; };
/* End PBXFileReference section */

/* Begin PBXFrameworksBuildPhase section */
		0D8BAAFC1FA2447100CA21BF /* Frameworks */ = {
			isa = PBXFrameworksBuildPhase;
			buildActionMask = 2147483647;
			files = (
			);
			runOnlyForDeploymentPostprocessing = 0;
		};
/* End PBXFrameworksBuildPhase section */

/* Begin PBXGroup section */
		0D8BAAF61FA2447000CA21BF = {
			isa = PBXGroup;
			children = (
				0D8BAB011FA2447100CA21BF /* AhorcadoGame */,
				0D8BAB001FA2447100CA21BF /* Products */,
			);
			sourceTree = "<group>";
		};
		0D8BAB001FA2447100CA21BF /* Products */ = {
			isa = PBXGroup;
			children = (
				0D8BAAFF1FA2447100CA21BF /* AhorcadoGame.app */,
			);
			name = Products;
			sourceTree = "<group>";
		};
		0D8BAB011FA2447100CA21BF /* AhorcadoGame */ = {
			isa = PBXGroup;
			children = (
				0D8BAB171FA2664600CA21BF /* Controller */,
				0D8BAB161FA2663C00CA21BF /* Model */,
				0D8BAB141FA2662E00CA21BF /* View */,
				0D8BAB021FA2447100CA21BF /* AppDelegate.swift */,
				0D8BAB061FA2447100CA21BF /* Main.storyboard */,
				0D8BAB091FA2447100CA21BF /* Assets.xcassets */,
				0D8BAB0B1FA2447100CA21BF /* LaunchScreen.storyboard */,
				0D8BAB0E1FA2447100CA21BF /* Info.plist */,
				0DE23E241FB3E6F800486239 /* historia.html */,
			);
			path = AhorcadoGame;
			sourceTree = "<group>";
		};
		0D8BAB141FA2662E00CA21BF /* View */ = {
			isa = PBXGroup;
			children = (
				0D7C628A1FA5840500D675D1 /* roundedButton.swift */,
			);
			path = View;
			sourceTree = "<group>";
		};
		0D8BAB161FA2663C00CA21BF /* Model */ = {
			isa = PBXGroup;
			children = (
				0D8BAB1C1FA29D3C00CA21BF /* Materia.swift */,
				0D8BAB1E1FA2B26800CA21BF /* Question.swift */,
				0D8BAB201FA2BD7100CA21BF /* QuestionBank.swift */,
			);
			path = Model;
			sourceTree = "<group>";
		};
		0D8BAB171FA2664600CA21BF /* Controller */ = {
			isa = PBXGroup;
			children = (
				0D8BAB041FA2447100CA21BF /* WelcomeVC.swift */,
				0D8BAB181FA29BDF00CA21BF /* MateriasVC.swift */,
				0D8BAB1A1FA29C4900CA21BF /* GameVC.swift */,
				0D5F4D541FA6B45D0040B783 /* popUpVcViewController.swift */,
				0DE23E261FB3E89000486239 /* webController.swift */,
			);
			path = Controller;
			sourceTree = "<group>";
		};
/* End PBXGroup section */

/* Begin PBXNativeTarget section */
		0D8BAAFE1FA2447100CA21BF /* AhorcadoGame */ = {
			isa = PBXNativeTarget;
			buildConfigurationList = 0D8BAB111FA2447100CA21BF /* Build configuration list for PBXNativeTarget "AhorcadoGame" */;
			buildPhases = (
				0D8BAAFB1FA2447100CA21BF /* Sources */,
				0D8BAAFC1FA2447100CA21BF /* Frameworks */,
				0D8BAAFD1FA2447100CA21BF /* Resources */,
			);
			buildRules = (
			);
			dependencies = (
			);
			name = AhorcadoGame;
			productName = AhorcadoGame;
			productReference = 0D8BAAFF1FA2447100CA21BF /* AhorcadoGame.app */;
			productType = "com.apple.product-type.application";
		};
/* End PBXNativeTarget section */

/* Begin PBXProject section */
		0D8BAAF71FA2447000CA21BF /* Project object */ = {
			isa = PBXProject;
			attributes = {
				LastSwiftUpdateCheck = 0900;
				LastUpgradeCheck = 0900;
				ORGANIZATIONNAME = "Jonathan Hernandez";
				TargetAttributes = {
					0D8BAAFE1FA2447100CA21BF = {
						CreatedOnToolsVersion = 9.0;
						ProvisioningStyle = Automatic;
					};
				};
			};
			buildConfigurationList = 0D8BAAFA1FA2447000CA21BF /* Build configuration list for PBXProject "AhorcadoGame" */;
			compatibilityVersion = "Xcode 8.0";
			developmentRegion = en;
			hasScannedForEncodings = 0;
			knownRegions = (
				en,
				Base,
			);
			mainGroup = 0D8BAAF61FA2447000CA21BF;
			productRefGroup = 0D8BAB001FA2447100CA21BF /* Products */;
			projectDirPath = "";
			projectRoot = "";
			targets = (
				0D8BAAFE1FA2447100CA21BF /* AhorcadoGame */,
			);
		};
/* End PBXProject section */

/* Begin PBXResourcesBuildPhase section */
		0D8BAAFD1FA2447100CA21BF /* Resources */ = {
			isa = PBXResourcesBuildPhase;
			buildActionMask = 2147483647;
			files = (
				0D8BAB0D1FA2447100CA21BF /* LaunchScreen.storyboard in Resources */,
				0D8BAB0A1FA2447100CA21BF /* Assets.xcassets in Resources */,
				0D8BAB081FA2447100CA21BF /* Main.storyboard in Resources */,
				0DE23E251FB3E6F800486239 /* historia.html in Resources */,
			);
			runOnlyForDeploymentPostprocessing = 0;
		};
/* End PBXResourcesBuildPhase section */

/* Begin PBXSourcesBuildPhase section */
		0D8BAAFB1FA2447100CA21BF /* Sources */ = {
			isa = PBXSourcesBuildPhase;
			buildActionMask = 2147483647;
			files = (
				0D8BAB1D1FA29D3C00CA21BF /* Materia.swift in Sources */,
				0D8BAB051FA2447100CA21BF /* WelcomeVC.swift in Sources */,
				0DE23E271FB3E89000486239 /* webController.swift in Sources */,
				0D8BAB191FA29BDF00CA21BF /* MateriasVC.swift in Sources */,
				0D7C628B1FA5840500D675D1 /* roundedButton.swift in Sources */,
				0D8BAB1F1FA2B26800CA21BF /* Question.swift in Sources */,
				0D5F4D551FA6B45D0040B783 /* popUpVcViewController.swift in Sources */,
				0D8BAB1B1FA29C4900CA21BF /* GameVC.swift in Sources */,
				0D8BAB031FA2447100CA21BF /* AppDelegate.swift in Sources */,
				0D8BAB211FA2BD7100CA21BF /* QuestionBank.swift in Sources */,
			);
			runOnlyForDeploymentPostprocessing = 0;
		};
/* End PBXSourcesBuildPhase section */

/* Begin PBXVariantGroup section */
		0D8BAB061FA2447100CA21BF /* Main.storyboard */ = {
			isa = PBXVariantGroup;
			children = (
				0D8BAB071FA2447100CA21BF /* Base */,
			);
			name = Main.storyboard;
			sourceTree = "<group>";
		};
		0D8BAB0B1FA2447100CA21BF /* LaunchScreen.storyboard */ = {
			isa = PBXVariantGroup;
			children = (
				0D8BAB0C1FA2447100CA21BF /* Base */,
			);
			name = LaunchScreen.storyboard;
			sourceTree = "<group>";
		};
/* End PBXVariantGroup section */

/* Begin XCBuildConfiguration section */
		0D8BAB0F1FA2447100CA21BF /* Debug */ = {
			isa = XCBuildConfiguration;
			buildSettings = {
				ALWAYS_SEARCH_USER_PATHS = NO;
				CLANG_ANALYZER_NONNULL = YES;
				CLANG_ANALYZER_NUMBER_OBJECT_CONVERSION = YES_AGGRESSIVE;
				CLANG_CXX_LANGUAGE_STANDARD = "gnu++14";
				CLANG_CXX_LIBRARY = "libc++";
				CLANG_ENABLE_MODULES = YES;
				CLANG_ENABLE_OBJC_ARC = YES;
				CLANG_WARN_BLOCK_CAPTURE_AUTORELEASING = YES;
				CLANG_WARN_BOOL_CONVERSION = YES;
				CLANG_WARN_COMMA = YES;
				CLANG_WARN_CONSTANT_CONVERSION = YES;
				CLANG_WARN_DIRECT_OBJC_ISA_USAGE = YES_ERROR;
				CLANG_WARN_DOCUMENTATION_COMMENTS = YES;
				CLANG_WARN_EMPTY_BODY = YES;
				CLANG_WARN_ENUM_CONVERSION = YES;
				CLANG_WARN_INFINITE_RECURSION = YES;
				CLANG_WARN_INT_CONVERSION = YES;
				CLANG_WARN_NON_LITERAL_NULL_CONVERSION = YES;
				CLANG_WARN_OBJC_LITERAL_CONVERSION = YES;
				CLANG_WARN_OBJC_ROOT_CLASS = YES_ERROR;
				CLANG_WARN_RANGE_LOOP_ANALYSIS = YES;
				CLANG_WARN_STRICT_PROTOTYPES = YES;
				CLANG_WARN_SUSPICIOUS_MOVE = YES;
				CLANG_WARN_UNGUARDED_AVAILABILITY = YES_AGGRESSIVE;
				CLANG_WARN_UNREACHABLE_CODE = YES;
				CLANG_WARN__DUPLICATE_METHOD_MATCH = YES;
				CODE_SIGN_IDENTITY = "iPhone Developer";
				COPY_PHASE_STRIP = NO;
				DEBUG_INFORMATION_FORMAT = dwarf;
				ENABLE_STRICT_OBJC_MSGSEND = YES;
				ENABLE_TESTABILITY = YES;
				GCC_C_LANGUAGE_STANDARD = gnu11;
				GCC_DYNAMIC_NO_PIC = NO;
				GCC_NO_COMMON_BLOCKS = YES;
				GCC_OPTIMIZATION_LEVEL = 0;
				GCC_PREPROCESSOR_DEFINITIONS = (
					"DEBUG=1",
					"$(inherited)",
				);
				GCC_WARN_64_TO_32_BIT_CONVERSION = YES;
				GCC_WARN_ABOUT_RETURN_TYPE = YES_ERROR;
				GCC_WARN_UNDECLARED_SELECTOR = YES;
				GCC_WARN_UNINITIALIZED_AUTOS = YES_AGGRESSIVE;
				GCC_WARN_UNUSED_FUNCTION = YES;
				GCC_WARN_UNUSED_VARIABLE = YES;
				IPHONEOS_DEPLOYMENT_TARGET = 11.0;
				MTL_ENABLE_DEBUG_INFO = YES;
				ONLY_ACTIVE_ARCH = YES;
				SDKROOT = iphoneos;
				SWIFT_ACTIVE_COMPILATION_CONDITIONS = DEBUG;
				SWIFT_OPTIMIZATION_LEVEL = "-Onone";
			};
			name = Debug;
		};
		0D8BAB101FA2447100CA21BF /* Release */ = {
			isa = XCBuildConfiguration;
			buildSettings = {
				ALWAYS_SEARCH_USER_PATHS = NO;
				CLANG_ANALYZER_NONNULL = YES;
				CLANG_ANALYZER_NUMBER_OBJECT_CONVERSION = YES_AGGRESSIVE;
				CLANG_CXX_LANGUAGE_STANDARD = "gnu++14";
				CLANG_CXX_LIBRARY = "libc++";
				CLANG_ENABLE_MODULES = YES;
				CLANG_ENABLE_OBJC_ARC = YES;
				CLANG_WARN_BLOCK_CAPTURE_AUTORELEASING = YES;
				CLANG_WARN_BOOL_CONVERSION = YES;
				CLANG_WARN_COMMA = YES;
				CLANG_WARN_CONSTANT_CONVERSION = YES;
				CLANG_WARN_DIRECT_OBJC_ISA_USAGE = YES_ERROR;
				CLANG_WARN_DOCUMENTATION_COMMENTS = YES;
				CLANG_WARN_EMPTY_BODY = YES;
				CLANG_WARN_ENUM_CONVERSION = YES;
				CLANG_WARN_INFINITE_RECURSION = YES;
				CLANG_WARN_INT_CONVERSION = YES;
				CLANG_WARN_NON_LITERAL_NULL_CONVERSION = YES;
				CLANG_WARN_OBJC_LITERAL_CONVERSION = YES;
				CLANG_WARN_OBJC_ROOT_CLASS = YES_ERROR;
				CLANG_WARN_RANGE_LOOP_ANALYSIS = YES;
				CLANG_WARN_STRICT_PROTOTYPES = YES;
				CLANG_WARN_SUSPICIOUS_MOVE = YES;
				CLANG_WARN_UNGUARDED_AVAILABILITY = YES_AGGRESSIVE;
				CLANG_WARN_UNREACHABLE_CODE = YES;
				CLANG_WARN__DUPLICATE_METHOD_MATCH = YES;
				CODE_SIGN_IDENTITY = "iPhone Developer";
				COPY_PHASE_STRIP = NO;
				DEBUG_INFORMATION_FORMAT = "dwarf-with-dsym";
				ENABLE_NS_ASSERTIONS = NO;
				ENABLE_STRICT_OBJC_MSGSEND = YES;
				GCC_C_LANGUAGE_STANDARD = gnu11;
				GCC_NO_COMMON_BLOCKS = YES;
				GCC_WARN_64_TO_32_BIT_CONVERSION = YES;
				GCC_WARN_ABOUT_RETURN_TYPE = YES_ERROR;
				GCC_WARN_UNDECLARED_SELECTOR = YES;
				GCC_WARN_UNINITIALIZED_AUTOS = YES_AGGRESSIVE;
				GCC_WARN_UNUSED_FUNCTION = YES;
				GCC_WARN_UNUSED_VARIABLE = YES;
				IPHONEOS_DEPLOYMENT_TARGET = 11.0;
				MTL_ENABLE_DEBUG_INFO = NO;
				SDKROOT = iphoneos;
				SWIFT_OPTIMIZATION_LEVEL = "-Owholemodule";
				VALIDATE_PRODUCT = YES;
			};
			name = Release;
		};
		0D8BAB121FA2447100CA21BF /* Debug */ = {
			isa = XCBuildConfiguration;
			buildSettings = {
				ASSETCATALOG_COMPILER_APPICON_NAME = AppIcon;
				CODE_SIGN_STYLE = Automatic;
				DEVELOPMENT_TEAM = 5KLPNNYGH7;
				INFOPLIST_FILE = AhorcadoGame/Info.plist;
				LD_RUNPATH_SEARCH_PATHS = "$(inherited) @executable_path/Frameworks";
				PRODUCT_BUNDLE_IDENTIFIER = Spektromes.AhorcadoGame;
				PRODUCT_NAME = "$(TARGET_NAME)";
				SWIFT_VERSION = 4.0;
				TARGETED_DEVICE_FAMILY = "1,2";
			};
			name = Debug;
		};
		0D8BAB131FA2447100CA21BF /* Release */ = {
			isa = XCBuildConfiguration;
			buildSettings = {
				ASSETCATALOG_COMPILER_APPICON_NAME = AppIcon;
				CODE_SIGN_STYLE = Automatic;
				DEVELOPMENT_TEAM = 5KLPNNYGH7;
				INFOPLIST_FILE = AhorcadoGame/Info.plist;
				LD_RUNPATH_SEARCH_PATHS = "$(inherited) @executable_path/Frameworks";
				PRODUCT_BUNDLE_IDENTIFIER = Spektromes.AhorcadoGame;
				PRODUCT_NAME = "$(TARGET_NAME)";
				SWIFT_VERSION = 4.0;
				TARGETED_DEVICE_FAMILY = "1,2";
			};
			name = Release;
		};
/* End XCBuildConfiguration section */

/* Begin XCConfigurationList section */
		0D8BAAFA1FA2447000CA21BF /* Build configuration list for PBXProject "AhorcadoGame" */ = {
			isa = XCConfigurationList;
			buildConfigurations = (
				0D8BAB0F1FA2447100CA21BF /* Debug */,
				0D8BAB101FA2447100CA21BF /* Release */,
			);
			defaultConfigurationIsVisible = 0;
			defaultConfigurationName = Release;
		};
		0D8BAB111FA2447100CA21BF /* Build configuration list for PBXNativeTarget "AhorcadoGame" */ = {
			isa = XCConfigurationList;
			buildConfigurations = (
				0D8BAB121FA2447100CA21BF /* Debug */,
				0D8BAB131FA2447100CA21BF /* Release */,
			);
			defaultConfigurationIsVisible = 0;
			defaultConfigurationName = Release;
		};
/* End XCConfigurationList section */
	};
	rootObject = 0D8BAAF71FA2447000CA21BF /* Project object */;
}
